<Solution>
  <Project Path="Kinematic.Data.csproj" />
  <Project Path="Pawn.Runtime.csproj" />
  <Project Path="Input.csproj" />
  <Project Path="Kinematic.Runtime.csproj" />
  <Project Path="Spawn.csproj" />
  <Project Path="Assembly-CSharp.csproj" />
  <Project Path="SerializableDictionary.Editor.csproj" />
  <Project Path="Pawn.Data.csproj" />
  <Project Path="Game.Runtime.csproj" />
  <Project Path="EventSystem.csproj" />
  <Project Path="StateMachine.csproj" />
  <Project Path="Pawn.Interface.csproj" />
  <Project Path="SerializableDictionary.Runtime.csproj" />
  <Project Path="Game.Data.csproj" />
  <Project Path="CustomAttributes.Editor.csproj" />
  <Project Path="Foundations.csproj" />
  <Project Path="Scene.csproj" />
  <Project Path="CustomAttributes.Runtime.csproj" />
</Solution>
