<Solution>
  <Project Path="Input.csproj" />
  <Project Path="Pawn.csproj" />
  <Project Path="Pawn.Controller.csproj" />
  <Project Path="EventSystem.csproj" />
  <Project Path="StateMachine.csproj" />
  <Project Path="Assembly-CSharp.csproj" />
  <Project Path="Pawn.Interface.csproj" />
  <Project Path="Foundations.csproj" />
</Solution>
